
Microsoft Visual Studio Solution File, Format Version 12.00
# Visual Studio Version 16
VisualStudioVersion = 16.0.810.12
MinimumVisualStudioVersion = 10.0.40219.1
Project("{FAE04EC0-301F-11D3-BF4B-00C04F79EFBC}") = "WebPageCarbonFootprint", "WebPageCarbonFootprint\WebPageCarbonFootprint.csproj", "{F23D6A88-262F-42B4-8E74-9BD45E4A53F6}"
EndProject
Global
	GlobalSection(SolutionConfigurationPlatforms) = preSolution
		Debug|anycpu = Debug|anycpu
		Release|anycpu = Release|anycpu
	EndGlobalSection
	GlobalSection(ProjectConfigurationPlatforms) = postSolution
		{F23D6A88-262F-42B4-8E74-9BD45E4A53F6}.Debug|anycpu.ActiveCfg = Debug|anycpu
		{F23D6A88-262F-42B4-8E74-9BD45E4A53F6}.Debug|anycpu.Build.0 = Debug|anycpu
		{F23D6A88-262F-42B4-8E74-9BD45E4A53F6}.Release|anycpu.ActiveCfg = Release|anycpu
		{F23D6A88-262F-42B4-8E74-9BD45E4A53F6}.Release|anycpu.Build.0 = Release|anycpu
	EndGlobalSection
	GlobalSection(SolutionProperties) = preSolution
		HideSolutionNode = FALSE
	EndGlobalSection
	GlobalSection(ExtensibilityGlobals) = postSolution
		SolutionGuid = {1724322C-CAAC-42F6-BEE3-46577033C21C}
	EndGlobalSection
EndGlobal
